
Microsoft Visual Studio Solution File, Format Version 12.00
# Visual Studio Version 17
VisualStudioVersion = 17.1.32407.343
MinimumVisualStudioVersion = 10.0.40219.1
Project("{FAE04EC0-301F-11D3-BF4B-00C04F79EFBC}") = "OOProjLAB05", "OOProjLAB05\OOProjLAB05.csproj", "{353A8AAA-99B2-44AB-8FF3-59EA64B82A6D}"
EndProject
Global
	GlobalSection(SolutionConfigurationPlatforms) = preSolution
		Debug|Any CPU = Debug|Any CPU
		Release|Any CPU = Release|Any CPU
	EndGlobalSection
	GlobalSection(ProjectConfigurationPlatforms) = postSolution
		{353A8AAA-99B2-44AB-8FF3-59EA64B82A6D}.Debug|Any CPU.ActiveCfg = Debug|Any CPU
		{353A8AAA-99B2-44AB-8FF3-59EA64B82A6D}.Debug|Any CPU.Build.0 = Debug|Any CPU
		{353A8AAA-99B2-44AB-8FF3-59EA64B82A6D}.Release|Any CPU.ActiveCfg = Release|Any CPU
		{353A8AAA-99B2-44AB-8FF3-59EA64B82A6D}.Release|Any CPU.Build.0 = Release|Any CPU
	EndGlobalSection
	GlobalSection(SolutionProperties) = preSolution
		HideSolutionNode = FALSE
	EndGlobalSection
	GlobalSection(ExtensibilityGlobals) = postSolution
		SolutionGuid = {596F657D-1582-4CE5-A6CA-0211F05C8240}
	EndGlobalSection
EndGlobal
